// !$*UTF8*$!
{
	archiveVersion = 1;
	classes = {
	};
	objectVersion = 77;
	objects = {

/* Begin PBXBuildFile section */
		B51EBEF12FBE4FD500C0CB62 /* NoxCore in Frameworks */ = {isa = PBXBuildFile; productRef = 578DD5E6555C4D998E57D6CA /* NoxCore */; };
		B51EBEF22FBE4FD500C0CB62 /* NoxPlatformContracts in Frameworks */ = {isa = PBXBuildFile; productRef = 59860A4D0CA64B70BFB210BD /* NoxPlatformContracts */; };
		B51EBEF32FBE4FD500C0CB62 /* NoxContextCore in Frameworks */ = {isa = PBXBuildFile; productRef = 7B5C6F27B3234FB8B845B46A /* NoxContextCore */; };
		B51EBEF42FBE4FD500C0CB62 /* NoxSemanticCore in Frameworks */ = {isa = PBXBuildFile; productRef = 38B21C63CF944EDAAA049A4B /* NoxSemanticCore */; };
		B51EBEF52FBE4FD500C0CB62 /* NoxMemoryCore in Frameworks */ = {isa = PBXBuildFile; productRef = 3F1419E20C5E4A96B645BA9F /* NoxMemoryCore */; };
		B51EBEF62FBE4FD500C0CB62 /* NoxContinuityCore in Frameworks */ = {isa = PBXBuildFile; productRef = 4BF4651C1B234C02BF9F7722 /* NoxContinuityCore */; };
		B51EBEF72FBE4FD500C0CB62 /* NoxBehavioralIntelligenceCore in Frameworks */ = {isa = PBXBuildFile; productRef = 35982F023BF7413FB1785F2B /* NoxBehavioralIntelligenceCore */; };
		B51EBEF82FBE4FD500C0CB62 /* NoxAmbientUtilityCore in Frameworks */ = {isa = PBXBuildFile; productRef = 050AD6177BF64A77A2C9F8B9 /* NoxAmbientUtilityCore */; };
		B51EBEF92FBE4FD500C0CB62 /* NoxSystemStateCore in Frameworks */ = {isa = PBXBuildFile; productRef = 80B4A801CE4B4CC7A3809CEB /* NoxSystemStateCore */; };
		B51EBEFA2FBE4FD500C0CB62 /* NoxObservatoryCore in Frameworks */ = {isa = PBXBuildFile; productRef = 485AFBAAA37F495389484F9A /* NoxObservatoryCore */; };
		B51EBEFB2FBE4FD500C0CB62 /* NoxPresenceCore in Frameworks */ = {isa = PBXBuildFile; productRef = 545E364F4C8D41C6B8998B39 /* NoxPresenceCore */; };
		B51EBEFC2FBE4FD500C0CB62 /* NoxDesignCore in Frameworks */ = {isa = PBXBuildFile; productRef = 5B41B664344F47ADAEC03F51 /* NoxDesignCore */; };
		B51EBEFD2FBE4FD500C0CB62 /* NoxCore in Frameworks */ = {isa = PBXBuildFile; productRef = 8770CF9794454670B54CA121 /* NoxCore */; };
		B51EBEFE2FBE4FD500C0CB62 /* NoxPlatformContracts in Frameworks */ = {isa = PBXBuildFile; productRef = F9B7D286BAA44FF68F019E29 /* NoxPlatformContracts */; };
		B51EBEFF2FBE4FD500C0CB62 /* NoxContextCore in Frameworks */ = {isa = PBXBuildFile; productRef = 7B5C6F27B3234FB8B845B46A /* NoxContextCore */; };
		B51EBF002FBE4FD500C0CB62 /* NoxSemanticCore in Frameworks */ = {isa = PBXBuildFile; productRef = 38B21C63CF944EDAAA049A4B /* NoxSemanticCore */; };
		B51EBF012FBE4FD500C0CB62 /* NoxMemoryCore in Frameworks */ = {isa = PBXBuildFile; productRef = 3F1419E20C5E4A96B645BA9F /* NoxMemoryCore */; };
		B51EBF022FBE4FD500C0CB62 /* NoxContinuityCore in Frameworks */ = {isa = PBXBuildFile; productRef = 4BF4651C1B234C02BF9F7722 /* NoxContinuityCore */; };
		B51EBF032FBE4FD500C0CB62 /* NoxBehavioralIntelligenceCore in Frameworks */ = {isa = PBXBuildFile; productRef = 35982F023BF7413FB1785F2B /* NoxBehavioralIntelligenceCore */; };
		B51EBF042FBE4FD500C0CB62 /* NoxAmbientUtilityCore in Frameworks */ = {isa = PBXBuildFile; productRef = 050AD6177BF64A77A2C9F8B9 /* NoxAmbientUtilityCore */; };
		B51EBF052FBE4FD500C0CB62 /* NoxSystemStateCore in Frameworks */ = {isa = PBXBuildFile; productRef = 80B4A801CE4B4CC7A3809CEB /* NoxSystemStateCore */; };
		B51EBF062FBE4FD500C0CB62 /* NoxObservatoryCore in Frameworks */ = {isa = PBXBuildFile; productRef = 485AFBAAA37F495389484F9A /* NoxObservatoryCore */; };
		B51EBF072FBE4FD500C0CB62 /* NoxPresenceCore in Frameworks */ = {isa = PBXBuildFile; productRef = 545E364F4C8D41C6B8998B39 /* NoxPresenceCore */; };
		B51EBF082FBE4FD500C0CB62 /* NoxDesignCore in Frameworks */ = {isa = PBXBuildFile; productRef = 5B41B664344F47ADAEC03F51 /* NoxDesignCore */; };
		B5E2C67B2FC9D32600515CB7 /* NoxCore in Frameworks */ = {isa = PBXBuildFile; productRef = 7B06DE92A6B9435A904064B4 /* NoxCore */; };
		B5E2C67C2FC9D32600515CB7 /* NoxPlatformContracts in Frameworks */ = {isa = PBXBuildFile; productRef = E25C5ED4D5E34BC9AD1AE07F /* NoxPlatformContracts */; };
		B5E2C67D2FC9D32600515CB7 /* NoxContextCore in Frameworks */ = {isa = PBXBuildFile; productRef = 86DEAB6868534F9CA94A936E /* NoxContextCore */; };
		B5E2C67E2FC9D32600515CB7 /* NoxSemanticCore in Frameworks */ = {isa = PBXBuildFile; productRef = 8E69F68368A04EEC9B3ACE64 /* NoxSemanticCore */; };
		B5E2C67F2FC9D32600515CB7 /* NoxMemoryCore in Frameworks */ = {isa = PBXBuildFile; productRef = 07485B0B92724168A299C09B /* NoxMemoryCore */; };
		B5E2C6802FC9D32600515CB7 /* NoxContinuityCore in Frameworks */ = {isa = PBXBuildFile; productRef = 65BEFBD527F547D68C7246BB /* NoxContinuityCore */; };
		B5E2C6812FC9D32600515CB7 /* NoxBehavioralIntelligenceCore in Frameworks */ = {isa = PBXBuildFile; productRef = F1958EC15F324229875D7AF8 /* NoxBehavioralIntelligenceCore */; };
		B5E2C6822FC9D32600515CB7 /* NoxAmbientUtilityCore in Frameworks */ = {isa = PBXBuildFile; productRef = 6D0273E3E1764C8DA292DB39 /* NoxAmbientUtilityCore */; };
		B5E2C6832FC9D32600515CB7 /* NoxSystemStateCore in Frameworks */ = {isa = PBXBuildFile; productRef = 28C164828DB94E2FAE35646C /* NoxSystemStateCore */; };
		B5E2C6842FC9D32600515CB7 /* NoxObservatoryCore in Frameworks */ = {isa = PBXBuildFile; productRef = 497CFE0471C84A8EA9EC506C /* NoxObservatoryCore */; };
		B5E2C6852FC9D32600515CB7 /* NoxPresenceCore in Frameworks */ = {isa = PBXBuildFile; productRef = 8752A31072034DFE9306262A /* NoxPresenceCore */; };
		B5E2C6862FC9D32600515CB7 /* NoxDesignCore in Frameworks */ = {isa = PBXBuildFile; productRef = 3454E5D8CFC94976B147E7E4 /* NoxDesignCore */; };
		B5E2C6872FC9D32600515CB7 /* NoxShrineCore in Frameworks */ = {isa = PBXBuildFile; productRef = 7F1F3BA8E7D245A2871E364F /* NoxShrineCore */; };
		B5E2C6882FC9D32600515CB7 /* NoxCore in Frameworks */ = {isa = PBXBuildFile; productRef = 7B06DE92A6B9435A904064B4 /* NoxCore */; };
		B5E2C6892FC9D32600515CB7 /* NoxPlatformContracts in Frameworks */ = {isa = PBXBuildFile; productRef = E25C5ED4D5E34BC9AD1AE07F /* NoxPlatformContracts */; };
		B5E2C68A2FC9D32600515CB7 /* NoxContextCore in Frameworks */ = {isa = PBXBuildFile; productRef = 86DEAB6868534F9CA94A936E /* NoxContextCore */; };
		B5E2C68B2FC9D32600515CB7 /* NoxSemanticCore in Frameworks */ = {isa = PBXBuildFile; productRef = 8E69F68368A04EEC9B3ACE64 /* NoxSemanticCore */; };
		B5E2C68C2FC9D32600515CB7 /* NoxMemoryCore in Frameworks */ = {isa = PBXBuildFile; productRef = 07485B0B92724168A299C09B /* NoxMemoryCore */; };
		B5E2C68D2FC9D32600515CB7 /* NoxContinuityCore in Frameworks */ = {isa = PBXBuildFile; productRef = 65BEFBD527F547D68C7246BB /* NoxContinuityCore */; };
		B5E2C68E2FC9D32600515CB7 /* NoxBehavioralIntelligenceCore in Frameworks */ = {isa = PBXBuildFile; productRef = F1958EC15F324229875D7AF8 /* NoxBehavioralIntelligenceCore */; };
		B5E2C68F2FC9D32600515CB7 /* NoxAmbientUtilityCore in Frameworks */ = {isa = PBXBuildFile; productRef = 6D0273E3E1764C8DA292DB39 /* NoxAmbientUtilityCore */; };
		B5E2C6902FC9D32600515CB7 /* NoxSystemStateCore in Frameworks */ = {isa = PBXBuildFile; productRef = 28C164828DB94E2FAE35646C /* NoxSystemStateCore */; };
		B5E2C6912FC9D32600515CB7 /* NoxObservatoryCore in Frameworks */ = {isa = PBXBuildFile; productRef = 497CFE0471C84A8EA9EC506C /* NoxObservatoryCore */; };
		B5E2C6922FC9D32600515CB7 /* NoxPresenceCore in Frameworks */ = {isa = PBXBuildFile; productRef = 8752A31072034DFE9306262A /* NoxPresenceCore */; };
		B5E2C6932FC9D32600515CB7 /* NoxDesignCore in Frameworks */ = {isa = PBXBuildFile; productRef = 3454E5D8CFC94976B147E7E4 /* NoxDesignCore */; };
		B5E2C6942FC9D32600515CB7 /* NoxShrineCore in Frameworks */ = {isa = PBXBuildFile; productRef = 7F1F3BA8E7D245A2871E364F /* NoxShrineCore */; };
/* End PBXBuildFile section */

/* Begin PBXContainerItemProxy section */
		B580C3972FBBC1C800CB70C6 /* PBXContainerItemProxy */ = {
			isa = PBXContainerItemProxy;
			containerPortal = B580C3812FBBC1C700CB70C6 /* Project object */;
			proxyType = 1;
			remoteGlobalIDString = B580C3882FBBC1C700CB70C6;
			remoteInfo = Nox;
		};
		B580C3A12FBBC1C800CB70C6 /* PBXContainerItemProxy */ = {
			isa = PBXContainerItemProxy;
			containerPortal = B580C3812FBBC1C700CB70C6 /* Project object */;
			proxyType = 1;
			remoteGlobalIDString = B580C3882FBBC1C700CB70C6;
			remoteInfo = Nox;
		};
/* End PBXContainerItemProxy section */

/* Begin PBXFileReference section */
		B580C3892FBBC1C700CB70C6 /* Nox.app */ = {isa = PBXFileReference; explicitFileType = wrapper.application; includeInIndex = 0; path = Nox.app; sourceTree = BUILT_PRODUCTS_DIR; };
		B580C3962FBBC1C800CB70C6 /* NoxTests.xctest */ = {isa = PBXFileReference; explicitFileType = wrapper.cfbundle; includeInIndex = 0; path = NoxTests.xctest; sourceTree = BUILT_PRODUCTS_DIR; };
		B580C3A02FBBC1C800CB70C6 /* NoxUITests.xctest */ = {isa = PBXFileReference; explicitFileType = wrapper.cfbundle; includeInIndex = 0; path = NoxUITests.xctest; sourceTree = BUILT_PRODUCTS_DIR; };
/* End PBXFileReference section */

/* Begin PBXFileSystemSynchronizedRootGroup section */
		B580C38B2FBBC1C700CB70C6 /* Apps/NoxMac/Nox */ = {
			isa = PBXFileSystemSynchronizedRootGroup;
			path = Apps/NoxMac/Nox;
			sourceTree = "<group>";
		};
		B580C3992FBBC1C800CB70C6 /* NoxTests */ = {
			isa = PBXFileSystemSynchronizedRootGroup;
			path = NoxTests;
			sourceTree = "<group>";
		};
		B580C3A32FBBC1C800CB70C6 /* NoxUITests */ = {
			isa = PBXFileSystemSynchronizedRootGroup;
			path = NoxUITests;
			sourceTree = "<group>";
		};
/* End PBXFileSystemSynchronizedRootGroup section */

/* Begin PBXFrameworksBuildPhase section */
		B580C3862FBBC1C700CB70C6 /* Frameworks */ = {
			isa = PBXFrameworksBuildPhase;
			buildActionMask = 2147483647;
			files = (
				B5E2C6872FC9D32600515CB7 /* NoxShrineCore in Frameworks */,
				B5E2C6862FC9D32600515CB7 /* NoxDesignCore in Frameworks */,
				B5E2C6852FC9D32600515CB7 /* NoxPresenceCore in Frameworks */,
				B5E2C6842FC9D32600515CB7 /* NoxObservatoryCore in Frameworks */,
				B5E2C6832FC9D32600515CB7 /* NoxSystemStateCore in Frameworks */,
				B5E2C6822FC9D32600515CB7 /* NoxAmbientUtilityCore in Frameworks */,
				B5E2C6812FC9D32600515CB7 /* NoxBehavioralIntelligenceCore in Frameworks */,
				B5E2C6802FC9D32600515CB7 /* NoxContinuityCore in Frameworks */,
				B5E2C67F2FC9D32600515CB7 /* NoxMemoryCore in Frameworks */,
				B5E2C67E2FC9D32600515CB7 /* NoxSemanticCore in Frameworks */,
				B5E2C67D2FC9D32600515CB7 /* NoxContextCore in Frameworks */,
				B5E2C67C2FC9D32600515CB7 /* NoxPlatformContracts in Frameworks */,
				B5E2C67B2FC9D32600515CB7 /* NoxCore in Frameworks */,
				B51EBEFC2FBE4FD500C0CB62 /* NoxDesignCore in Frameworks */,
				B51EBEFB2FBE4FD500C0CB62 /* NoxPresenceCore in Frameworks */,
				B51EBEFA2FBE4FD500C0CB62 /* NoxObservatoryCore in Frameworks */,
				B51EBEF92FBE4FD500C0CB62 /* NoxSystemStateCore in Frameworks */,
				B51EBEF82FBE4FD500C0CB62 /* NoxAmbientUtilityCore in Frameworks */,
				B51EBEF72FBE4FD500C0CB62 /* NoxBehavioralIntelligenceCore in Frameworks */,
				B51EBEF62FBE4FD500C0CB62 /* NoxContinuityCore in Frameworks */,
				B51EBEF52FBE4FD500C0CB62 /* NoxMemoryCore in Frameworks */,
				B51EBEF42FBE4FD500C0CB62 /* NoxSemanticCore in Frameworks */,
				B51EBEF32FBE4FD500C0CB62 /* NoxContextCore in Frameworks */,
				B51EBEF22FBE4FD500C0CB62 /* NoxPlatformContracts in Frameworks */,
				B51EBEF12FBE4FD500C0CB62 /* NoxCore in Frameworks */,
			);
			runOnlyForDeploymentPostprocessing = 0;
		};
		B580C3932FBBC1C800CB70C6 /* Frameworks */ = {
			isa = PBXFrameworksBuildPhase;
			buildActionMask = 2147483647;
			files = (
				B51EBF072FBE4FD500C0CB62 /* NoxPresenceCore in Frameworks */,
				B5E2C68B2FC9D32600515CB7 /* NoxSemanticCore in Frameworks */,
				B51EBF082FBE4FD500C0CB62 /* NoxDesignCore in Frameworks */,
				B51EBEFE2FBE4FD500C0CB62 /* NoxPlatformContracts in Frameworks */,
				B51EBF032FBE4FD500C0CB62 /* NoxBehavioralIntelligenceCore in Frameworks */,
				B5E2C68C2FC9D32600515CB7 /* NoxMemoryCore in Frameworks */,
				B51EBF062FBE4FD500C0CB62 /* NoxObservatoryCore in Frameworks */,
				B51EBF002FBE4FD500C0CB62 /* NoxSemanticCore in Frameworks */,
				B5E2C6942FC9D32600515CB7 /* NoxShrineCore in Frameworks */,
				B5E2C68E2FC9D32600515CB7 /* NoxBehavioralIntelligenceCore in Frameworks */,
				B51EBEFD2FBE4FD500C0CB62 /* NoxCore in Frameworks */,
				B5E2C6892FC9D32600515CB7 /* NoxPlatformContracts in Frameworks */,
				B5E2C68F2FC9D32600515CB7 /* NoxAmbientUtilityCore in Frameworks */,
				B5E2C6912FC9D32600515CB7 /* NoxObservatoryCore in Frameworks */,
				B5E2C6932FC9D32600515CB7 /* NoxDesignCore in Frameworks */,
				B5E2C68A2FC9D32600515CB7 /* NoxContextCore in Frameworks */,
				B51EBEFF2FBE4FD500C0CB62 /* NoxContextCore in Frameworks */,
				B51EBF012FBE4FD500C0CB62 /* NoxMemoryCore in Frameworks */,
				B51EBF022FBE4FD500C0CB62 /* NoxContinuityCore in Frameworks */,
				B5E2C6882FC9D32600515CB7 /* NoxCore in Frameworks */,
				B51EBF052FBE4FD500C0CB62 /* NoxSystemStateCore in Frameworks */,
				B5E2C6922FC9D32600515CB7 /* NoxPresenceCore in Frameworks */,
				B51EBF042FBE4FD500C0CB62 /* NoxAmbientUtilityCore in Frameworks */,
				B5E2C6902FC9D32600515CB7 /* NoxSystemStateCore in Frameworks */,
				B5E2C68D2FC9D32600515CB7 /* NoxContinuityCore in Frameworks */,
			);
			runOnlyForDeploymentPostprocessing = 0;
		};
		B580C39D2FBBC1C800CB70C6 /* Frameworks */ = {
			isa = PBXFrameworksBuildPhase;
			buildActionMask = 2147483647;
			files = (
			);
			runOnlyForDeploymentPostprocessing = 0;
		};
/* End PBXFrameworksBuildPhase section */

/* Begin PBXGroup section */
		B580C3802FBBC1C700CB70C6 = {
			isa = PBXGroup;
			children = (
				FD0A8CE22C784955BCF2E793 /* Packages */,
				B580C38B2FBBC1C700CB70C6 /* Apps/NoxMac/Nox */,
				B580C3992FBBC1C800CB70C6 /* NoxTests */,
				B580C3A32FBBC1C800CB70C6 /* NoxUITests */,
				B580C38A2FBBC1C700CB70C6 /* Products */,
			);
			sourceTree = "<group>";
		};
		B580C38A2FBBC1C700CB70C6 /* Products */ = {
			isa = PBXGroup;
			children = (
				B580C3892FBBC1C700CB70C6 /* Nox.app */,
				B580C3962FBBC1C800CB70C6 /* NoxTests.xctest */,
				B580C3A02FBBC1C800CB70C6 /* NoxUITests.xctest */,
			);
			name = Products;
			sourceTree = "<group>";
		};
		FD0A8CE22C784955BCF2E793 /* Packages */ = {
			isa = PBXGroup;
			children = (
			);
			path = Packages;
			sourceTree = "<group>";
		};
/* End PBXGroup section */

/* Begin PBXNativeTarget section */
		B580C3882FBBC1C700CB70C6 /* Nox */ = {
			isa = PBXNativeTarget;
			buildConfigurationList = B580C3AA2FBBC1C800CB70C6 /* Build configuration list for PBXNativeTarget "Nox" */;
			buildPhases = (
				B580C3852FBBC1C700CB70C6 /* Sources */,
				B580C3862FBBC1C700CB70C6 /* Frameworks */,
				B580C3872FBBC1C700CB70C6 /* Resources */,
			);
			buildRules = (
			);
			dependencies = (
			);
			fileSystemSynchronizedGroups = (
				B580C38B2FBBC1C700CB70C6 /* Apps/NoxMac/Nox */,
			);
			name = Nox;
			packageProductDependencies = (
				578DD5E6555C4D998E57D6CA /* NoxCore */,
				59860A4D0CA64B70BFB210BD /* NoxPlatformContracts */,
				7B5C6F27B3234FB8B845B46A /* NoxContextCore */,
				38B21C63CF944EDAAA049A4B /* NoxSemanticCore */,
				3F1419E20C5E4A96B645BA9F /* NoxMemoryCore */,
				4BF4651C1B234C02BF9F7722 /* NoxContinuityCore */,
				35982F023BF7413FB1785F2B /* NoxBehavioralIntelligenceCore */,
				050AD6177BF64A77A2C9F8B9 /* NoxAmbientUtilityCore */,
				80B4A801CE4B4CC7A3809CEB /* NoxSystemStateCore */,
				485AFBAAA37F495389484F9A /* NoxObservatoryCore */,
				545E364F4C8D41C6B8998B39 /* NoxPresenceCore */,
				5B41B664344F47ADAEC03F51 /* NoxDesignCore */,
				7B06DE92A6B9435A904064B4 /* NoxCore */,
				E25C5ED4D5E34BC9AD1AE07F /* NoxPlatformContracts */,
				86DEAB6868534F9CA94A936E /* NoxContextCore */,
				8E69F68368A04EEC9B3ACE64 /* NoxSemanticCore */,
				07485B0B92724168A299C09B /* NoxMemoryCore */,
				65BEFBD527F547D68C7246BB /* NoxContinuityCore */,
				F1958EC15F324229875D7AF8 /* NoxBehavioralIntelligenceCore */,
				6D0273E3E1764C8DA292DB39 /* NoxAmbientUtilityCore */,
				28C164828DB94E2FAE35646C /* NoxSystemStateCore */,
				497CFE0471C84A8EA9EC506C /* NoxObservatoryCore */,
				8752A31072034DFE9306262A /* NoxPresenceCore */,
				3454E5D8CFC94976B147E7E4 /* NoxDesignCore */,
				7F1F3BA8E7D245A2871E364F /* NoxShrineCore */,
			);
			productName = Nox;
			productReference = B580C3892FBBC1C700CB70C6 /* Nox.app */;
			productType = "com.apple.product-type.application";
		};
		B580C3952FBBC1C800CB70C6 /* NoxTests */ = {
			isa = PBXNativeTarget;
			buildConfigurationList = B580C3AD2FBBC1C800CB70C6 /* Build configuration list for PBXNativeTarget "NoxTests" */;
			buildPhases = (
				B580C3922FBBC1C800CB70C6 /* Sources */,
				B580C3932FBBC1C800CB70C6 /* Frameworks */,
				B580C3942FBBC1C800CB70C6 /* Resources */,
			);
			buildRules = (
			);
			dependencies = (
				B580C3982FBBC1C800CB70C6 /* PBXTargetDependency */,
			);
			fileSystemSynchronizedGroups = (
				B580C3992FBBC1C800CB70C6 /* NoxTests */,
			);
			name = NoxTests;
			packageProductDependencies = (
				8770CF9794454670B54CA121 /* NoxCore */,
				F9B7D286BAA44FF68F019E29 /* NoxPlatformContracts */,
				7B5C6F27B3234FB8B845B46A /* NoxContextCore */,
				38B21C63CF944EDAAA049A4B /* NoxSemanticCore */,
				3F1419E20C5E4A96B645BA9F /* NoxMemoryCore */,
				4BF4651C1B234C02BF9F7722 /* NoxContinuityCore */,
				35982F023BF7413FB1785F2B /* NoxBehavioralIntelligenceCore */,
				050AD6177BF64A77A2C9F8B9 /* NoxAmbientUtilityCore */,
				80B4A801CE4B4CC7A3809CEB /* NoxSystemStateCore */,
				485AFBAAA37F495389484F9A /* NoxObservatoryCore */,
				545E364F4C8D41C6B8998B39 /* NoxPresenceCore */,
				5B41B664344F47ADAEC03F51 /* NoxDesignCore */,
				7B06DE92A6B9435A904064B4 /* NoxCore */,
				E25C5ED4D5E34BC9AD1AE07F /* NoxPlatformContracts */,
				86DEAB6868534F9CA94A936E /* NoxContextCore */,
				8E69F68368A04EEC9B3ACE64 /* NoxSemanticCore */,
				07485B0B92724168A299C09B /* NoxMemoryCore */,
				65BEFBD527F547D68C7246BB /* NoxContinuityCore */,
				F1958EC15F324229875D7AF8 /* NoxBehavioralIntelligenceCore */,
				6D0273E3E1764C8DA292DB39 /* NoxAmbientUtilityCore */,
				28C164828DB94E2FAE35646C /* NoxSystemStateCore */,
				497CFE0471C84A8EA9EC506C /* NoxObservatoryCore */,
				8752A31072034DFE9306262A /* NoxPresenceCore */,
				3454E5D8CFC94976B147E7E4 /* NoxDesignCore */,
				7F1F3BA8E7D245A2871E364F /* NoxShrineCore */,
			);
			productName = NoxTests;
			productReference = B580C3962FBBC1C800CB70C6 /* NoxTests.xctest */;
			productType = "com.apple.product-type.bundle.unit-test";
		};
		B580C39F2FBBC1C800CB70C6 /* NoxUITests */ = {
			isa = PBXNativeTarget;
			buildConfigurationList = B580C3B02FBBC1C800CB70C6 /* Build configuration list for PBXNativeTarget "NoxUITests" */;
			buildPhases = (
				B580C39C2FBBC1C800CB70C6 /* Sources */,
				B580C39D2FBBC1C800CB70C6 /* Frameworks */,
				B580C39E2FBBC1C800CB70C6 /* Resources */,
			);
			buildRules = (
			);
			dependencies = (
				B580C3A22FBBC1C800CB70C6 /* PBXTargetDependency */,
			);
			fileSystemSynchronizedGroups = (
				B580C3A32FBBC1C800CB70C6 /* NoxUITests */,
			);
			name = NoxUITests;
			packageProductDependencies = (
			);
			productName = NoxUITests;
			productReference = B580C3A02FBBC1C800CB70C6 /* NoxUITests.xctest */;
			productType = "com.apple.product-type.bundle.ui-testing";
		};
/* End PBXNativeTarget section */

/* Begin PBXProject section */
		B580C3812FBBC1C700CB70C6 /* Project object */ = {
			isa = PBXProject;
			attributes = {
				BuildIndependentTargetsInParallel = 1;
				LastSwiftUpdateCheck = 2650;
				LastUpgradeCheck = 2650;
				TargetAttributes = {
					B580C3882FBBC1C700CB70C6 = {
						CreatedOnToolsVersion = 26.5;
					};
					B580C3952FBBC1C800CB70C6 = {
						CreatedOnToolsVersion = 26.5;
						TestTargetID = B580C3882FBBC1C700CB70C6;
					};
					B580C39F2FBBC1C800CB70C6 = {
						CreatedOnToolsVersion = 26.5;
						TestTargetID = B580C3882FBBC1C700CB70C6;
					};
				};
			};
			buildConfigurationList = B580C3842FBBC1C700CB70C6 /* Build configuration list for PBXProject "Nox" */;
			developmentRegion = en;
			hasScannedForEncodings = 0;
			knownRegions = (
				en,
				Base,
			);
			mainGroup = B580C3802FBBC1C700CB70C6;
			minimizedProjectReferenceProxies = 1;
			packageReferences = (
				26D9D88D3EB243799E29574B /* XCLocalSwiftPackageReference "Packages/NoxCore" */,
				CDD76339808C444CA7D3EDF7 /* XCLocalSwiftPackageReference "Packages/NoxPlatformContracts" */,
				64CC26599FC84570A435F895 /* XCLocalSwiftPackageReference "Packages/NoxContextCore" */,
				4B69D4E9A8AF41A5AFEF1439 /* XCLocalSwiftPackageReference "Packages/NoxSemanticCore" */,
				A088DE18789543A69A321C96 /* XCLocalSwiftPackageReference "Packages/NoxMemoryCore" */,
				997818E1EB0342F9A6162395 /* XCLocalSwiftPackageReference "Packages/NoxContinuityCore" */,
				7F8DB87D944345129C5DBF91 /* XCLocalSwiftPackageReference "Packages/NoxBehavioralIntelligenceCore" */,
				1DE3029FE37A499AA471EBAC /* XCLocalSwiftPackageReference "Packages/NoxAmbientUtilityCore" */,
				7D0664F50A4644FFBCD63608 /* XCLocalSwiftPackageReference "Packages/NoxSystemStateCore" */,
				3D1430EBF53B4699BA92478C /* XCLocalSwiftPackageReference "Packages/NoxObservatoryCore" */,
				E42EED27C1F643698695B8DC /* XCLocalSwiftPackageReference "Packages/NoxPresenceCore" */,
				3D27FD5B588847AFA4380690 /* XCLocalSwiftPackageReference "Packages/NoxDesignCore" */,
				66CC344FD5E74C37B880BCAD /* XCLocalSwiftPackageReference "Packages/NoxCore" */,
				3BA431873F3F44BB8DC90A78 /* XCLocalSwiftPackageReference "Packages/NoxPlatformContracts" */,
				570213703C3840A2BBE434CD /* XCLocalSwiftPackageReference "Packages/NoxContextCore" */,
				D2113B7819F74741847354EA /* XCLocalSwiftPackageReference "Packages/NoxSemanticCore" */,
				676911DAB7DF4C319629052B /* XCLocalSwiftPackageReference "Packages/NoxMemoryCore" */,
				BDFF2B3F22B840C7A07F141A /* XCLocalSwiftPackageReference "Packages/NoxContinuityCore" */,
				99DB6C69F4354CFC8B7CC339 /* XCLocalSwiftPackageReference "Packages/NoxBehavioralIntelligenceCore" */,
				CCB83CBE5813462DA96D8C2D /* XCLocalSwiftPackageReference "Packages/NoxAmbientUtilityCore" */,
				BA84CB0A3A2B4FC6AA21E23F /* XCLocalSwiftPackageReference "Packages/NoxSystemStateCore" */,
				4082E2B1FEF743DEAE33990C /* XCLocalSwiftPackageReference "Packages/NoxObservatoryCore" */,
				F7CB467AAF87476199F63513 /* XCLocalSwiftPackageReference "Packages/NoxPresenceCore" */,
				B17703A608404109B69AA35D /* XCLocalSwiftPackageReference "Packages/NoxDesignCore" */,
				EC707462A4F740ABBF8D2109 /* XCLocalSwiftPackageReference "Packages/NoxShrineCore" */,
			);
			preferredProjectObjectVersion = 77;
			productRefGroup = B580C38A2FBBC1C700CB70C6 /* Products */;
			projectDirPath = "";
			projectRoot = "";
			targets = (
				B580C3882FBBC1C700CB70C6 /* Nox */,
				B580C3952FBBC1C800CB70C6 /* NoxTests */,
				B580C39F2FBBC1C800CB70C6 /* NoxUITests */,
			);
		};
/* End PBXProject section */

/* Begin PBXResourcesBuildPhase section */
		B580C3872FBBC1C700CB70C6 /* Resources */ = {
			isa = PBXResourcesBuildPhase;
			buildActionMask = 2147483647;
			files = (
			);
			runOnlyForDeploymentPostprocessing = 0;
		};
		B580C3942FBBC1C800CB70C6 /* Resources */ = {
			isa = PBXResourcesBuildPhase;
			buildActionMask = 2147483647;
			files = (
			);
			runOnlyForDeploymentPostprocessing = 0;
		};
		B580C39E2FBBC1C800CB70C6 /* Resources */ = {
			isa = PBXResourcesBuildPhase;
			buildActionMask = 2147483647;
			files = (
			);
			runOnlyForDeploymentPostprocessing = 0;
		};
/* End PBXResourcesBuildPhase section */

/* Begin PBXSourcesBuildPhase section */
		B580C3852FBBC1C700CB70C6 /* Sources */ = {
			isa = PBXSourcesBuildPhase;
			buildActionMask = 2147483647;
			files = (
			);
			runOnlyForDeploymentPostprocessing = 0;
		};
		B580C3922FBBC1C800CB70C6 /* Sources */ = {
			isa = PBXSourcesBuildPhase;
			buildActionMask = 2147483647;
			files = (
			);
			runOnlyForDeploymentPostprocessing = 0;
		};
		B580C39C2FBBC1C800CB70C6 /* Sources */ = {
			isa = PBXSourcesBuildPhase;
			buildActionMask = 2147483647;
			files = (
			);
			runOnlyForDeploymentPostprocessing = 0;
		};
/* End PBXSourcesBuildPhase section */

/* Begin PBXTargetDependency section */
		B580C3982FBBC1C800CB70C6 /* PBXTargetDependency */ = {
			isa = PBXTargetDependency;
			target = B580C3882FBBC1C700CB70C6 /* Nox */;
			targetProxy = B580C3972FBBC1C800CB70C6 /* PBXContainerItemProxy */;
		};
		B580C3A22FBBC1C800CB70C6 /* PBXTargetDependency */ = {
			isa = PBXTargetDependency;
			target = B580C3882FBBC1C700CB70C6 /* Nox */;
			targetProxy = B580C3A12FBBC1C800CB70C6 /* PBXContainerItemProxy */;
		};
/* End PBXTargetDependency section */

/* Begin XCBuildConfiguration section */
		B580C3A82FBBC1C800CB70C6 /* Debug */ = {
			isa = XCBuildConfiguration;
			buildSettings = {
				ALWAYS_SEARCH_USER_PATHS = NO;
				ASSETCATALOG_COMPILER_GENERATE_SWIFT_ASSET_SYMBOL_EXTENSIONS = YES;
				CLANG_ANALYZER_NONNULL = YES;
				CLANG_ANALYZER_NUMBER_OBJECT_CONVERSION = YES_AGGRESSIVE;
				CLANG_CXX_LANGUAGE_STANDARD = "gnu++20";
				CLANG_ENABLE_MODULES = YES;
				CLANG_ENABLE_OBJC_ARC = YES;
				CLANG_ENABLE_OBJC_WEAK = YES;
				CLANG_WARN_BLOCK_CAPTURE_AUTORELEASING = YES;
				CLANG_WARN_BOOL_CONVERSION = YES;
				CLANG_WARN_COMMA = YES;
				CLANG_WARN_CONSTANT_CONVERSION = YES;
				CLANG_WARN_DEPRECATED_OBJC_IMPLEMENTATIONS = YES;
				CLANG_WARN_DIRECT_OBJC_ISA_USAGE = YES_ERROR;
				CLANG_WARN_DOCUMENTATION_COMMENTS = YES;
				CLANG_WARN_EMPTY_BODY = YES;
				CLANG_WARN_ENUM_CONVERSION = YES;
				CLANG_WARN_INFINITE_RECURSION = YES;
				CLANG_WARN_INT_CONVERSION = YES;
				CLANG_WARN_NON_LITERAL_NULL_CONVERSION = YES;
				CLANG_WARN_OBJC_IMPLICIT_RETAIN_SELF = YES;
				CLANG_WARN_OBJC_LITERAL_CONVERSION = YES;
				CLANG_WARN_OBJC_ROOT_CLASS = YES_ERROR;
				CLANG_WARN_QUOTED_INCLUDE_IN_FRAMEWORK_HEADER = YES;
				CLANG_WARN_RANGE_LOOP_ANALYSIS = YES;
				CLANG_WARN_STRICT_PROTOTYPES = YES;
				CLANG_WARN_SUSPICIOUS_MOVE = YES;
				CLANG_WARN_UNGUARDED_AVAILABILITY = YES_AGGRESSIVE;
				CLANG_WARN_UNREACHABLE_CODE = YES;
				CLANG_WARN__DUPLICATE_METHOD_MATCH = YES;
				COPY_PHASE_STRIP = NO;
				DEBUG_INFORMATION_FORMAT = dwarf;
				ENABLE_STRICT_OBJC_MSGSEND = YES;
				ENABLE_TESTABILITY = YES;
				ENABLE_USER_SCRIPT_SANDBOXING = YES;
				GCC_C_LANGUAGE_STANDARD = gnu17;
				GCC_DYNAMIC_NO_PIC = NO;
				GCC_NO_COMMON_BLOCKS = YES;
				GCC_OPTIMIZATION_LEVEL = 0;
				GCC_PREPROCESSOR_DEFINITIONS = (
					"DEBUG=1",
					"$(inherited)",
				);
				GCC_WARN_64_TO_32_BIT_CONVERSION = YES;
				GCC_WARN_ABOUT_RETURN_TYPE = YES_ERROR;
				GCC_WARN_UNDECLARED_SELECTOR = YES;
				GCC_WARN_UNINITIALIZED_AUTOS = YES_AGGRESSIVE;
				GCC_WARN_UNUSED_FUNCTION = YES;
				GCC_WARN_UNUSED_VARIABLE = YES;
				LOCALIZATION_PREFERS_STRING_CATALOGS = YES;
				MTL_ENABLE_DEBUG_INFO = INCLUDE_SOURCE;
				MTL_FAST_MATH = YES;
				ONLY_ACTIVE_ARCH = YES;
				SWIFT_ACTIVE_COMPILATION_CONDITIONS = "DEBUG $(inherited)";
				SWIFT_OPTIMIZATION_LEVEL = "-Onone";
			};
			name = Debug;
		};
		B580C3A92FBBC1C800CB70C6 /* Release */ = {
			isa = XCBuildConfiguration;
			buildSettings = {
				ALWAYS_SEARCH_USER_PATHS = NO;
				ASSETCATALOG_COMPILER_GENERATE_SWIFT_ASSET_SYMBOL_EXTENSIONS = YES;
				CLANG_ANALYZER_NONNULL = YES;
				CLANG_ANALYZER_NUMBER_OBJECT_CONVERSION = YES_AGGRESSIVE;
				CLANG_CXX_LANGUAGE_STANDARD = "gnu++20";
				CLANG_ENABLE_MODULES = YES;
				CLANG_ENABLE_OBJC_ARC = YES;
				CLANG_ENABLE_OBJC_WEAK = YES;
				CLANG_WARN_BLOCK_CAPTURE_AUTORELEASING = YES;
				CLANG_WARN_BOOL_CONVERSION = YES;
				CLANG_WARN_COMMA = YES;
				CLANG_WARN_CONSTANT_CONVERSION = YES;
				CLANG_WARN_DEPRECATED_OBJC_IMPLEMENTATIONS = YES;
				CLANG_WARN_DIRECT_OBJC_ISA_USAGE = YES_ERROR;
				CLANG_WARN_DOCUMENTATION_COMMENTS = YES;
				CLANG_WARN_EMPTY_BODY = YES;
				CLANG_WARN_ENUM_CONVERSION = YES;
				CLANG_WARN_INFINITE_RECURSION = YES;
				CLANG_WARN_INT_CONVERSION = YES;
				CLANG_WARN_NON_LITERAL_NULL_CONVERSION = YES;
				CLANG_WARN_OBJC_IMPLICIT_RETAIN_SELF = YES;
				CLANG_WARN_OBJC_LITERAL_CONVERSION = YES;
				CLANG_WARN_OBJC_ROOT_CLASS = YES_ERROR;
				CLANG_WARN_QUOTED_INCLUDE_IN_FRAMEWORK_HEADER = YES;
				CLANG_WARN_RANGE_LOOP_ANALYSIS = YES;
				CLANG_WARN_STRICT_PROTOTYPES = YES;
				CLANG_WARN_SUSPICIOUS_MOVE = YES;
				CLANG_WARN_UNGUARDED_AVAILABILITY = YES_AGGRESSIVE;
				CLANG_WARN_UNREACHABLE_CODE = YES;
				CLANG_WARN__DUPLICATE_METHOD_MATCH = YES;
				COPY_PHASE_STRIP = NO;
				DEBUG_INFORMATION_FORMAT = "dwarf-with-dsym";
				ENABLE_NS_ASSERTIONS = NO;
				ENABLE_STRICT_OBJC_MSGSEND = YES;
				ENABLE_USER_SCRIPT_SANDBOXING = YES;
				GCC_C_LANGUAGE_STANDARD = gnu17;
				GCC_NO_COMMON_BLOCKS = YES;
				GCC_WARN_64_TO_32_BIT_CONVERSION = YES;
				GCC_WARN_ABOUT_RETURN_TYPE = YES_ERROR;
				GCC_WARN_UNDECLARED_SELECTOR = YES;
				GCC_WARN_UNINITIALIZED_AUTOS = YES_AGGRESSIVE;
				GCC_WARN_UNUSED_FUNCTION = YES;
				GCC_WARN_UNUSED_VARIABLE = YES;
				LOCALIZATION_PREFERS_STRING_CATALOGS = YES;
				MTL_ENABLE_DEBUG_INFO = NO;
				MTL_FAST_MATH = YES;
				SWIFT_COMPILATION_MODE = wholemodule;
			};
			name = Release;
		};
		B580C3AB2FBBC1C800CB70C6 /* Debug */ = {
			isa = XCBuildConfiguration;
			buildSettings = {
				ASSETCATALOG_COMPILER_APPICON_NAME = AppIcon;
				ASSETCATALOG_COMPILER_GLOBAL_ACCENT_COLOR_NAME = AccentColor;
				CODE_SIGN_ENTITLEMENTS = Apps/NoxMac/Nox/SupportingFiles/Nox.entitlements;
				CODE_SIGN_STYLE = Automatic;
				CURRENT_PROJECT_VERSION = 1;
				ENABLE_APP_SANDBOX = YES;
				ENABLE_HARDENED_RUNTIME = YES;
				ENABLE_PREVIEWS = YES;
				GENERATE_INFOPLIST_FILE = YES;
				INFOPLIST_FILE = Apps/NoxMac/Nox/SupportingFiles/Info.plist;
				INFOPLIST_KEY_CFBundleDisplayName = Nox;
				INFOPLIST_KEY_LSApplicationCategoryType = "public.app-category.productivity";
				INFOPLIST_KEY_NSHumanReadableCopyright = "";
				LD_RUNPATH_SEARCH_PATHS = (
					"$(inherited)",
					"@executable_path/../Frameworks",
				);
				MACOSX_DEPLOYMENT_TARGET = 14.0;
				MARKETING_VERSION = 1.0;
				OTHER_LDFLAGS = (
					"$(inherited)",
					"-lsqlite3",
				);
				PRODUCT_BUNDLE_IDENTIFIER = dev.nox.Nox;
				PRODUCT_NAME = "$(TARGET_NAME)";
				SDKROOT = macosx;
				STRING_CATALOG_GENERATE_SYMBOLS = YES;
				SUPPORTED_PLATFORMS = macosx;
				SWIFT_APPROACHABLE_CONCURRENCY = YES;
				SWIFT_DEFAULT_ACTOR_ISOLATION = MainActor;
				SWIFT_EMIT_LOC_STRINGS = YES;
				SWIFT_UPCOMING_FEATURE_MEMBER_IMPORT_VISIBILITY = YES;
				SWIFT_VERSION = 5.0;
			};
			name = Debug;
		};
		B580C3AC2FBBC1C800CB70C6 /* Release */ = {
			isa = XCBuildConfiguration;
			buildSettings = {
				ASSETCATALOG_COMPILER_APPICON_NAME = AppIcon;
				ASSETCATALOG_COMPILER_GLOBAL_ACCENT_COLOR_NAME = AccentColor;
				CODE_SIGN_ENTITLEMENTS = Apps/NoxMac/Nox/SupportingFiles/Nox.entitlements;
				CODE_SIGN_STYLE = Automatic;
				CURRENT_PROJECT_VERSION = 1;
				ENABLE_APP_SANDBOX = YES;
				ENABLE_HARDENED_RUNTIME = YES;
				ENABLE_PREVIEWS = YES;
				GENERATE_INFOPLIST_FILE = YES;
				INFOPLIST_FILE = Apps/NoxMac/Nox/SupportingFiles/Info.plist;
				INFOPLIST_KEY_CFBundleDisplayName = Nox;
				INFOPLIST_KEY_LSApplicationCategoryType = "public.app-category.productivity";
				INFOPLIST_KEY_NSHumanReadableCopyright = "";
				LD_RUNPATH_SEARCH_PATHS = (
					"$(inherited)",
					"@executable_path/../Frameworks",
				);
				MACOSX_DEPLOYMENT_TARGET = 14.0;
				MARKETING_VERSION = 1.0;
				OTHER_LDFLAGS = (
					"$(inherited)",
					"-lsqlite3",
				);
				PRODUCT_BUNDLE_IDENTIFIER = dev.nox.Nox;
				PRODUCT_NAME = "$(TARGET_NAME)";
				SDKROOT = macosx;
				STRING_CATALOG_GENERATE_SYMBOLS = YES;
				SUPPORTED_PLATFORMS = macosx;
				SWIFT_APPROACHABLE_CONCURRENCY = YES;
				SWIFT_DEFAULT_ACTOR_ISOLATION = MainActor;
				SWIFT_EMIT_LOC_STRINGS = YES;
				SWIFT_UPCOMING_FEATURE_MEMBER_IMPORT_VISIBILITY = YES;
				SWIFT_VERSION = 5.0;
			};
			name = Release;
		};
		B580C3AE2FBBC1C800CB70C6 /* Debug */ = {
			isa = XCBuildConfiguration;
			buildSettings = {
				BUNDLE_LOADER = "$(TEST_HOST)";
				CODE_SIGN_STYLE = Automatic;
				CURRENT_PROJECT_VERSION = 1;
				GENERATE_INFOPLIST_FILE = YES;
				MACOSX_DEPLOYMENT_TARGET = 14.0;
				MARKETING_VERSION = 1.0;
				PRODUCT_BUNDLE_IDENTIFIER = dev.nox.NoxTests;
				PRODUCT_NAME = "$(TARGET_NAME)";
				SDKROOT = macosx;
				STRING_CATALOG_GENERATE_SYMBOLS = NO;
				SUPPORTED_PLATFORMS = macosx;
				SWIFT_APPROACHABLE_CONCURRENCY = YES;
				SWIFT_EMIT_LOC_STRINGS = NO;
				SWIFT_UPCOMING_FEATURE_MEMBER_IMPORT_VISIBILITY = YES;
				SWIFT_VERSION = 5.0;
				TEST_HOST = "$(BUILT_PRODUCTS_DIR)/Nox.app/$(BUNDLE_EXECUTABLE_FOLDER_PATH)/Nox";
			};
			name = Debug;
		};
		B580C3AF2FBBC1C800CB70C6 /* Release */ = {
			isa = XCBuildConfiguration;
			buildSettings = {
				BUNDLE_LOADER = "$(TEST_HOST)";
				CODE_SIGN_STYLE = Automatic;
				CURRENT_PROJECT_VERSION = 1;
				GENERATE_INFOPLIST_FILE = YES;
				MACOSX_DEPLOYMENT_TARGET = 14.0;
				MARKETING_VERSION = 1.0;
				PRODUCT_BUNDLE_IDENTIFIER = dev.nox.NoxTests;
				PRODUCT_NAME = "$(TARGET_NAME)";
				SDKROOT = macosx;
				STRING_CATALOG_GENERATE_SYMBOLS = NO;
				SUPPORTED_PLATFORMS = macosx;
				SWIFT_APPROACHABLE_CONCURRENCY = YES;
				SWIFT_EMIT_LOC_STRINGS = NO;
				SWIFT_UPCOMING_FEATURE_MEMBER_IMPORT_VISIBILITY = YES;
				SWIFT_VERSION = 5.0;
				TEST_HOST = "$(BUILT_PRODUCTS_DIR)/Nox.app/$(BUNDLE_EXECUTABLE_FOLDER_PATH)/Nox";
			};
			name = Release;
		};
		B580C3B12FBBC1C800CB70C6 /* Debug */ = {
			isa = XCBuildConfiguration;
			buildSettings = {
				CODE_SIGN_STYLE = Automatic;
				CURRENT_PROJECT_VERSION = 1;
				GENERATE_INFOPLIST_FILE = YES;
				MACOSX_DEPLOYMENT_TARGET = 14.0;
				MARKETING_VERSION = 1.0;
				PRODUCT_BUNDLE_IDENTIFIER = dev.nox.NoxUITests;
				PRODUCT_NAME = "$(TARGET_NAME)";
				SDKROOT = macosx;
				STRING_CATALOG_GENERATE_SYMBOLS = NO;
				SUPPORTED_PLATFORMS = macosx;
				SWIFT_APPROACHABLE_CONCURRENCY = YES;
				SWIFT_EMIT_LOC_STRINGS = NO;
				SWIFT_UPCOMING_FEATURE_MEMBER_IMPORT_VISIBILITY = YES;
				SWIFT_VERSION = 5.0;
				TEST_TARGET_NAME = Nox;
			};
			name = Debug;
		};
		B580C3B22FBBC1C800CB70C6 /* Release */ = {
			isa = XCBuildConfiguration;
			buildSettings = {
				CODE_SIGN_STYLE = Automatic;
				CURRENT_PROJECT_VERSION = 1;
				GENERATE_INFOPLIST_FILE = YES;
				MACOSX_DEPLOYMENT_TARGET = 14.0;
				MARKETING_VERSION = 1.0;
				PRODUCT_BUNDLE_IDENTIFIER = dev.nox.NoxUITests;
				PRODUCT_NAME = "$(TARGET_NAME)";
				SDKROOT = macosx;
				STRING_CATALOG_GENERATE_SYMBOLS = NO;
				SUPPORTED_PLATFORMS = macosx;
				SWIFT_APPROACHABLE_CONCURRENCY = YES;
				SWIFT_EMIT_LOC_STRINGS = NO;
				SWIFT_UPCOMING_FEATURE_MEMBER_IMPORT_VISIBILITY = YES;
				SWIFT_VERSION = 5.0;
				TEST_TARGET_NAME = Nox;
			};
			name = Release;
		};
/* End XCBuildConfiguration section */

/* Begin XCConfigurationList section */
		B580C3842FBBC1C700CB70C6 /* Build configuration list for PBXProject "Nox" */ = {
			isa = XCConfigurationList;
			buildConfigurations = (
				B580C3A82FBBC1C800CB70C6 /* Debug */,
				B580C3A92FBBC1C800CB70C6 /* Release */,
			);
			defaultConfigurationIsVisible = 0;
			defaultConfigurationName = Release;
		};
		B580C3AA2FBBC1C800CB70C6 /* Build configuration list for PBXNativeTarget "Nox" */ = {
			isa = XCConfigurationList;
			buildConfigurations = (
				B580C3AB2FBBC1C800CB70C6 /* Debug */,
				B580C3AC2FBBC1C800CB70C6 /* Release */,
			);
			defaultConfigurationIsVisible = 0;
			defaultConfigurationName = Release;
		};
		B580C3AD2FBBC1C800CB70C6 /* Build configuration list for PBXNativeTarget "NoxTests" */ = {
			isa = XCConfigurationList;
			buildConfigurations = (
				B580C3AE2FBBC1C800CB70C6 /* Debug */,
				B580C3AF2FBBC1C800CB70C6 /* Release */,
			);
			defaultConfigurationIsVisible = 0;
			defaultConfigurationName = Release;
		};
		B580C3B02FBBC1C800CB70C6 /* Build configuration list for PBXNativeTarget "NoxUITests" */ = {
			isa = XCConfigurationList;
			buildConfigurations = (
				B580C3B12FBBC1C800CB70C6 /* Debug */,
				B580C3B22FBBC1C800CB70C6 /* Release */,
			);
			defaultConfigurationIsVisible = 0;
			defaultConfigurationName = Release;
		};
/* End XCConfigurationList section */

/* Begin XCLocalSwiftPackageReference section */
		1DE3029FE37A499AA471EBAC /* XCLocalSwiftPackageReference "Packages/NoxAmbientUtilityCore" */ = {
			isa = XCLocalSwiftPackageReference;
			relativePath = Packages/NoxAmbientUtilityCore;
		};
		26D9D88D3EB243799E29574B /* XCLocalSwiftPackageReference "Packages/NoxCore" */ = {
			isa = XCLocalSwiftPackageReference;
			relativePath = Packages/NoxCore;
		};
		3BA431873F3F44BB8DC90A78 /* XCLocalSwiftPackageReference "Packages/NoxPlatformContracts" */ = {
			isa = XCLocalSwiftPackageReference;
			relativePath = Packages/NoxPlatformContracts;
		};
		3D1430EBF53B4699BA92478C /* XCLocalSwiftPackageReference "Packages/NoxObservatoryCore" */ = {
			isa = XCLocalSwiftPackageReference;
			relativePath = Packages/NoxObservatoryCore;
		};
		3D27FD5B588847AFA4380690 /* XCLocalSwiftPackageReference "Packages/NoxDesignCore" */ = {
			isa = XCLocalSwiftPackageReference;
			relativePath = Packages/NoxDesignCore;
		};
		4082E2B1FEF743DEAE33990C /* XCLocalSwiftPackageReference "Packages/NoxObservatoryCore" */ = {
			isa = XCLocalSwiftPackageReference;
			relativePath = Packages/NoxObservatoryCore;
		};
		4B69D4E9A8AF41A5AFEF1439 /* XCLocalSwiftPackageReference "Packages/NoxSemanticCore" */ = {
			isa = XCLocalSwiftPackageReference;
			relativePath = Packages/NoxSemanticCore;
		};
		570213703C3840A2BBE434CD /* XCLocalSwiftPackageReference "Packages/NoxContextCore" */ = {
			isa = XCLocalSwiftPackageReference;
			relativePath = Packages/NoxContextCore;
		};
		64CC26599FC84570A435F895 /* XCLocalSwiftPackageReference "Packages/NoxContextCore" */ = {
			isa = XCLocalSwiftPackageReference;
			relativePath = Packages/NoxContextCore;
		};
		66CC344FD5E74C37B880BCAD /* XCLocalSwiftPackageReference "Packages/NoxCore" */ = {
			isa = XCLocalSwiftPackageReference;
			relativePath = Packages/NoxCore;
		};
		676911DAB7DF4C319629052B /* XCLocalSwiftPackageReference "Packages/NoxMemoryCore" */ = {
			isa = XCLocalSwiftPackageReference;
			relativePath = Packages/NoxMemoryCore;
		};
		7D0664F50A4644FFBCD63608 /* XCLocalSwiftPackageReference "Packages/NoxSystemStateCore" */ = {
			isa = XCLocalSwiftPackageReference;
			relativePath = Packages/NoxSystemStateCore;
		};
		7F8DB87D944345129C5DBF91 /* XCLocalSwiftPackageReference "Packages/NoxBehavioralIntelligenceCore" */ = {
			isa = XCLocalSwiftPackageReference;
			relativePath = Packages/NoxBehavioralIntelligenceCore;
		};
		997818E1EB0342F9A6162395 /* XCLocalSwiftPackageReference "Packages/NoxContinuityCore" */ = {
			isa = XCLocalSwiftPackageReference;
			relativePath = Packages/NoxContinuityCore;
		};
		99DB6C69F4354CFC8B7CC339 /* XCLocalSwiftPackageReference "Packages/NoxBehavioralIntelligenceCore" */ = {
			isa = XCLocalSwiftPackageReference;
			relativePath = Packages/NoxBehavioralIntelligenceCore;
		};
		A088DE18789543A69A321C96 /* XCLocalSwiftPackageReference "Packages/NoxMemoryCore" */ = {
			isa = XCLocalSwiftPackageReference;
			relativePath = Packages/NoxMemoryCore;
		};
		B17703A608404109B69AA35D /* XCLocalSwiftPackageReference "Packages/NoxDesignCore" */ = {
			isa = XCLocalSwiftPackageReference;
			relativePath = Packages/NoxDesignCore;
		};
		BA84CB0A3A2B4FC6AA21E23F /* XCLocalSwiftPackageReference "Packages/NoxSystemStateCore" */ = {
			isa = XCLocalSwiftPackageReference;
			relativePath = Packages/NoxSystemStateCore;
		};
		BDFF2B3F22B840C7A07F141A /* XCLocalSwiftPackageReference "Packages/NoxContinuityCore" */ = {
			isa = XCLocalSwiftPackageReference;
			relativePath = Packages/NoxContinuityCore;
		};
		CCB83CBE5813462DA96D8C2D /* XCLocalSwiftPackageReference "Packages/NoxAmbientUtilityCore" */ = {
			isa = XCLocalSwiftPackageReference;
			relativePath = Packages/NoxAmbientUtilityCore;
		};
		CDD76339808C444CA7D3EDF7 /* XCLocalSwiftPackageReference "Packages/NoxPlatformContracts" */ = {
			isa = XCLocalSwiftPackageReference;
			relativePath = Packages/NoxPlatformContracts;
		};
		D2113B7819F74741847354EA /* XCLocalSwiftPackageReference "Packages/NoxSemanticCore" */ = {
			isa = XCLocalSwiftPackageReference;
			relativePath = Packages/NoxSemanticCore;
		};
		E42EED27C1F643698695B8DC /* XCLocalSwiftPackageReference "Packages/NoxPresenceCore" */ = {
			isa = XCLocalSwiftPackageReference;
			relativePath = Packages/NoxPresenceCore;
		};
		EC707462A4F740ABBF8D2109 /* XCLocalSwiftPackageReference "Packages/NoxShrineCore" */ = {
			isa = XCLocalSwiftPackageReference;
			relativePath = Packages/NoxShrineCore;
		};
		F7CB467AAF87476199F63513 /* XCLocalSwiftPackageReference "Packages/NoxPresenceCore" */ = {
			isa = XCLocalSwiftPackageReference;
			relativePath = Packages/NoxPresenceCore;
		};
/* End XCLocalSwiftPackageReference section */

/* Begin XCSwiftPackageProductDependency section */
		050AD6177BF64A77A2C9F8B9 /* NoxAmbientUtilityCore */ = {
			isa = XCSwiftPackageProductDependency;
			package = 1DE3029FE37A499AA471EBAC /* XCLocalSwiftPackageReference "Packages/NoxAmbientUtilityCore" */;
			productName = NoxAmbientUtilityCore;
		};
		07485B0B92724168A299C09B /* NoxMemoryCore */ = {
			isa = XCSwiftPackageProductDependency;
			package = 676911DAB7DF4C319629052B /* XCLocalSwiftPackageReference "Packages/NoxMemoryCore" */;
			productName = NoxMemoryCore;
		};
		28C164828DB94E2FAE35646C /* NoxSystemStateCore */ = {
			isa = XCSwiftPackageProductDependency;
			package = BA84CB0A3A2B4FC6AA21E23F /* XCLocalSwiftPackageReference "Packages/NoxSystemStateCore" */;
			productName = NoxSystemStateCore;
		};
		3454E5D8CFC94976B147E7E4 /* NoxDesignCore */ = {
			isa = XCSwiftPackageProductDependency;
			package = B17703A608404109B69AA35D /* XCLocalSwiftPackageReference "Packages/NoxDesignCore" */;
			productName = NoxDesignCore;
		};
		35982F023BF7413FB1785F2B /* NoxBehavioralIntelligenceCore */ = {
			isa = XCSwiftPackageProductDependency;
			package = 7F8DB87D944345129C5DBF91 /* XCLocalSwiftPackageReference "Packages/NoxBehavioralIntelligenceCore" */;
			productName = NoxBehavioralIntelligenceCore;
		};
		38B21C63CF944EDAAA049A4B /* NoxSemanticCore */ = {
			isa = XCSwiftPackageProductDependency;
			package = 4B69D4E9A8AF41A5AFEF1439 /* XCLocalSwiftPackageReference "Packages/NoxSemanticCore" */;
			productName = NoxSemanticCore;
		};
		3F1419E20C5E4A96B645BA9F /* NoxMemoryCore */ = {
			isa = XCSwiftPackageProductDependency;
			package = A088DE18789543A69A321C96 /* XCLocalSwiftPackageReference "Packages/NoxMemoryCore" */;
			productName = NoxMemoryCore;
		};
		485AFBAAA37F495389484F9A /* NoxObservatoryCore */ = {
			isa = XCSwiftPackageProductDependency;
			package = 3D1430EBF53B4699BA92478C /* XCLocalSwiftPackageReference "Packages/NoxObservatoryCore" */;
			productName = NoxObservatoryCore;
		};
		497CFE0471C84A8EA9EC506C /* NoxObservatoryCore */ = {
			isa = XCSwiftPackageProductDependency;
			package = 4082E2B1FEF743DEAE33990C /* XCLocalSwiftPackageReference "Packages/NoxObservatoryCore" */;
			productName = NoxObservatoryCore;
		};
		4BF4651C1B234C02BF9F7722 /* NoxContinuityCore */ = {
			isa = XCSwiftPackageProductDependency;
			package = 997818E1EB0342F9A6162395 /* XCLocalSwiftPackageReference "Packages/NoxContinuityCore" */;
			productName = NoxContinuityCore;
		};
		545E364F4C8D41C6B8998B39 /* NoxPresenceCore */ = {
			isa = XCSwiftPackageProductDependency;
			package = E42EED27C1F643698695B8DC /* XCLocalSwiftPackageReference "Packages/NoxPresenceCore" */;
			productName = NoxPresenceCore;
		};
		578DD5E6555C4D998E57D6CA /* NoxCore */ = {
			isa = XCSwiftPackageProductDependency;
			package = 26D9D88D3EB243799E29574B /* XCLocalSwiftPackageReference "Packages/NoxCore" */;
			productName = NoxCore;
		};
		59860A4D0CA64B70BFB210BD /* NoxPlatformContracts */ = {
			isa = XCSwiftPackageProductDependency;
			package = CDD76339808C444CA7D3EDF7 /* XCLocalSwiftPackageReference "Packages/NoxPlatformContracts" */;
			productName = NoxPlatformContracts;
		};
		5B41B664344F47ADAEC03F51 /* NoxDesignCore */ = {
			isa = XCSwiftPackageProductDependency;
			package = 3D27FD5B588847AFA4380690 /* XCLocalSwiftPackageReference "Packages/NoxDesignCore" */;
			productName = NoxDesignCore;
		};
		65BEFBD527F547D68C7246BB /* NoxContinuityCore */ = {
			isa = XCSwiftPackageProductDependency;
			package = BDFF2B3F22B840C7A07F141A /* XCLocalSwiftPackageReference "Packages/NoxContinuityCore" */;
			productName = NoxContinuityCore;
		};
		6D0273E3E1764C8DA292DB39 /* NoxAmbientUtilityCore */ = {
			isa = XCSwiftPackageProductDependency;
			package = CCB83CBE5813462DA96D8C2D /* XCLocalSwiftPackageReference "Packages/NoxAmbientUtilityCore" */;
			productName = NoxAmbientUtilityCore;
		};
		7B06DE92A6B9435A904064B4 /* NoxCore */ = {
			isa = XCSwiftPackageProductDependency;
			package = 66CC344FD5E74C37B880BCAD /* XCLocalSwiftPackageReference "Packages/NoxCore" */;
			productName = NoxCore;
		};
		7B5C6F27B3234FB8B845B46A /* NoxContextCore */ = {
			isa = XCSwiftPackageProductDependency;
			package = 64CC26599FC84570A435F895 /* XCLocalSwiftPackageReference "Packages/NoxContextCore" */;
			productName = NoxContextCore;
		};
		7F1F3BA8E7D245A2871E364F /* NoxShrineCore */ = {
			isa = XCSwiftPackageProductDependency;
			package = EC707462A4F740ABBF8D2109 /* XCLocalSwiftPackageReference "Packages/NoxShrineCore" */;
			productName = NoxShrineCore;
		};
		80B4A801CE4B4CC7A3809CEB /* NoxSystemStateCore */ = {
			isa = XCSwiftPackageProductDependency;
			package = 7D0664F50A4644FFBCD63608 /* XCLocalSwiftPackageReference "Packages/NoxSystemStateCore" */;
			productName = NoxSystemStateCore;
		};
		86DEAB6868534F9CA94A936E /* NoxContextCore */ = {
			isa = XCSwiftPackageProductDependency;
			package = 570213703C3840A2BBE434CD /* XCLocalSwiftPackageReference "Packages/NoxContextCore" */;
			productName = NoxContextCore;
		};
		8752A31072034DFE9306262A /* NoxPresenceCore */ = {
			isa = XCSwiftPackageProductDependency;
			package = F7CB467AAF87476199F63513 /* XCLocalSwiftPackageReference "Packages/NoxPresenceCore" */;
			productName = NoxPresenceCore;
		};
		8770CF9794454670B54CA121 /* NoxCore */ = {
			isa = XCSwiftPackageProductDependency;
			package = 26D9D88D3EB243799E29574B /* XCLocalSwiftPackageReference "Packages/NoxCore" */;
			productName = NoxCore;
		};
		8E69F68368A04EEC9B3ACE64 /* NoxSemanticCore */ = {
			isa = XCSwiftPackageProductDependency;
			package = D2113B7819F74741847354EA /* XCLocalSwiftPackageReference "Packages/NoxSemanticCore" */;
			productName = NoxSemanticCore;
		};
		E25C5ED4D5E34BC9AD1AE07F /* NoxPlatformContracts */ = {
			isa = XCSwiftPackageProductDependency;
			package = 3BA431873F3F44BB8DC90A78 /* XCLocalSwiftPackageReference "Packages/NoxPlatformContracts" */;
			productName = NoxPlatformContracts;
		};
		F1958EC15F324229875D7AF8 /* NoxBehavioralIntelligenceCore */ = {
			isa = XCSwiftPackageProductDependency;
			package = 99DB6C69F4354CFC8B7CC339 /* XCLocalSwiftPackageReference "Packages/NoxBehavioralIntelligenceCore" */;
			productName = NoxBehavioralIntelligenceCore;
		};
		F9B7D286BAA44FF68F019E29 /* NoxPlatformContracts */ = {
			isa = XCSwiftPackageProductDependency;
			package = CDD76339808C444CA7D3EDF7 /* XCLocalSwiftPackageReference "Packages/NoxPlatformContracts" */;
			productName = NoxPlatformContracts;
		};
/* End XCSwiftPackageProductDependency section */
	};
	rootObject = B580C3812FBBC1C700CB70C6 /* Project object */;
}
