// !$*UTF8*$!
{
	archiveVersion = 1;
	classes = {
	};
	objectVersion = 77;
	objects = {

/* Begin PBXContainerItemProxy section */
		B580C3972FBBC1C800CB70C6 /* PBXContainerItemProxy */ = {
			isa = PBXContainerItemProxy;
			containerPortal = B580C3812FBBC1C700CB70C6 /* Project object */;
			proxyType = 1;
			remoteGlobalIDString = B580C3882FBBC1C700CB70C6;
			remoteInfo = Nox;
		};
		B580C3A12FBBC1C800CB70C6 /* PBXContainerItemProxy */ = {
			isa = PBXContainerItemProxy;
			containerPortal = B580C3812FBBC1C700CB70C6 /* Project object */;
			proxyType = 1;
			remoteGlobalIDString = B580C3882FBBC1C700CB70C6;
			remoteInfo = Nox;
		};
/* End PBXContainerItemProxy section */

/* Begin PBXFileReference section */
		B580C3892FBBC1C700CB70C6 /* Nox.app */ = {isa = PBXFileReference; explicitFileType = wrapper.application; includeInIndex = 0; path = Nox.app; sourceTree = BUILT_PRODUCTS_DIR; };
		B580C3962FBBC1C800CB70C6 /* NoxTests.xctest */ = {isa = PBXFileReference; explicitFileType = wrapper.cfbundle; includeInIndex = 0; path = NoxTests.xctest; sourceTree = BUILT_PRODUCTS_DIR; };
		B580C3A02FBBC1C800CB70C6 /* NoxUITests.xctest */ = {isa = PBXFileReference; explicitFileType = wrapper.cfbundle; includeInIndex = 0; path = NoxUITests.xctest; sourceTree = BUILT_PRODUCTS_DIR; };
/* End PBXFileReference section */

/* Begin PBXFileSystemSynchronizedBuildFileExceptionSet section */
		B580C3B32FBBC1C900CB70C6 /* Exceptions for "Nox" folder in "Nox" target */ = {
			isa = PBXFileSystemSynchronizedBuildFileExceptionSet;
			membershipExceptions = (
				SupportingFiles/Info.plist,
			);
			target = B580C3882FBBC1C700CB70C6 /* Nox */;
		};
/* End PBXFileSystemSynchronizedBuildFileExceptionSet section */

/* Begin PBXFileSystemSynchronizedRootGroup section */
		B580C38B2FBBC1C700CB70C6 /* Nox */ = {
			isa = PBXFileSystemSynchronizedRootGroup;
			exceptions = (
				B580C3B32FBBC1C900CB70C6 /* Exceptions for "Nox" folder in "Nox" target */,
			);
			path = Nox;
			sourceTree = "<group>";
		};
		B580C3992FBBC1C800CB70C6 /* NoxTests */ = {
			isa = PBXFileSystemSynchronizedRootGroup;
			path = NoxTests;
			sourceTree = "<group>";
		};
		B580C3A32FBBC1C800CB70C6 /* NoxUITests */ = {
			isa = PBXFileSystemSynchronizedRootGroup;
			path = NoxUITests;
			sourceTree = "<group>";
		};
/* End PBXFileSystemSynchronizedRootGroup section */

/* Begin PBXFrameworksBuildPhase section */
		B580C3862FBBC1C700CB70C6 /* Frameworks */ = {
			isa = PBXFrameworksBuildPhase;
			buildActionMask = 2147483647;
			files = (
			);
			runOnlyForDeploymentPostprocessing = 0;
		};
		B580C3932FBBC1C800CB70C6 /* Frameworks */ = {
			isa = PBXFrameworksBuildPhase;
			buildActionMask = 2147483647;
			files = (
			);
			runOnlyForDeploymentPostprocessing = 0;
		};
		B580C39D2FBBC1C800CB70C6 /* Frameworks */ = {
			isa = PBXFrameworksBuildPhase;
			buildActionMask = 2147483647;
			files = (
			);
			runOnlyForDeploymentPostprocessing = 0;
		};
/* End PBXFrameworksBuildPhase section */

/* Begin PBXGroup section */
		B580C3802FBBC1C700CB70C6 = {
			isa = PBXGroup;
			children = (
				B580C38B2FBBC1C700CB70C6 /* Nox */,
				B580C3992FBBC1C800CB70C6 /* NoxTests */,
				B580C3A32FBBC1C800CB70C6 /* NoxUITests */,
				B580C38A2FBBC1C700CB70C6 /* Products */,
			);
			sourceTree = "<group>";
		};
		B580C38A2FBBC1C700CB70C6 /* Products */ = {
			isa = PBXGroup;
			children = (
				B580C3892FBBC1C700CB70C6 /* Nox.app */,
				B580C3962FBBC1C800CB70C6 /* NoxTests.xctest */,
				B580C3A02FBBC1C800CB70C6 /* NoxUITests.xctest */,
			);
			name = Products;
			sourceTree = "<group>";
		};
/* End PBXGroup section */

/* Begin PBXNativeTarget section */
		B580C3882FBBC1C700CB70C6 /* Nox */ = {
			isa = PBXNativeTarget;
			buildConfigurationList = B580C3AA2FBBC1C800CB70C6 /* Build configuration list for PBXNativeTarget "Nox" */;
			buildPhases = (
				B580C3852FBBC1C700CB70C6 /* Sources */,
				B580C3862FBBC1C700CB70C6 /* Frameworks */,
				B580C3872FBBC1C700CB70C6 /* Resources */,
			);
			buildRules = (
			);
			dependencies = (
			);
			fileSystemSynchronizedGroups = (
				B580C38B2FBBC1C700CB70C6 /* Nox */,
			);
			name = Nox;
			packageProductDependencies = (
			);
			productName = Nox;
			productReference = B580C3892FBBC1C700CB70C6 /* Nox.app */;
			productType = "com.apple.product-type.application";
		};
		B580C3952FBBC1C800CB70C6 /* NoxTests */ = {
			isa = PBXNativeTarget;
			buildConfigurationList = B580C3AD2FBBC1C800CB70C6 /* Build configuration list for PBXNativeTarget "NoxTests" */;
			buildPhases = (
				B580C3922FBBC1C800CB70C6 /* Sources */,
				B580C3932FBBC1C800CB70C6 /* Frameworks */,
				B580C3942FBBC1C800CB70C6 /* Resources */,
			);
			buildRules = (
			);
			dependencies = (
				B580C3982FBBC1C800CB70C6 /* PBXTargetDependency */,
			);
			fileSystemSynchronizedGroups = (
				B580C3992FBBC1C800CB70C6 /* NoxTests */,
			);
			name = NoxTests;
			packageProductDependencies = (
			);
			productName = NoxTests;
			productReference = B580C3962FBBC1C800CB70C6 /* NoxTests.xctest */;
			productType = "com.apple.product-type.bundle.unit-test";
		};
		B580C39F2FBBC1C800CB70C6 /* NoxUITests */ = {
			isa = PBXNativeTarget;
			buildConfigurationList = B580C3B02FBBC1C800CB70C6 /* Build configuration list for PBXNativeTarget "NoxUITests" */;
			buildPhases = (
				B580C39C2FBBC1C800CB70C6 /* Sources */,
				B580C39D2FBBC1C800CB70C6 /* Frameworks */,
				B580C39E2FBBC1C800CB70C6 /* Resources */,
			);
			buildRules = (
			);
			dependencies = (
				B580C3A22FBBC1C800CB70C6 /* PBXTargetDependency */,
			);
			fileSystemSynchronizedGroups = (
				B580C3A32FBBC1C800CB70C6 /* NoxUITests */,
			);
			name = NoxUITests;
			packageProductDependencies = (
			);
			productName = NoxUITests;
			productReference = B580C3A02FBBC1C800CB70C6 /* NoxUITests.xctest */;
			productType = "com.apple.product-type.bundle.ui-testing";
		};
/* End PBXNativeTarget section */

/* Begin PBXProject section */
		B580C3812FBBC1C700CB70C6 /* Project object */ = {
			isa = PBXProject;
			attributes = {
				BuildIndependentTargetsInParallel = 1;
				LastSwiftUpdateCheck = 2650;
				LastUpgradeCheck = 2650;
				TargetAttributes = {
					B580C3882FBBC1C700CB70C6 = {
						CreatedOnToolsVersion = 26.5;
					};
					B580C3952FBBC1C800CB70C6 = {
						CreatedOnToolsVersion = 26.5;
						TestTargetID = B580C3882FBBC1C700CB70C6;
					};
					B580C39F2FBBC1C800CB70C6 = {
						CreatedOnToolsVersion = 26.5;
						TestTargetID = B580C3882FBBC1C700CB70C6;
					};
				};
			};
			buildConfigurationList = B580C3842FBBC1C700CB70C6 /* Build configuration list for PBXProject "Nox" */;
			developmentRegion = en;
			hasScannedForEncodings = 0;
			knownRegions = (
				en,
				Base,
			);
			mainGroup = B580C3802FBBC1C700CB70C6;
			minimizedProjectReferenceProxies = 1;
			preferredProjectObjectVersion = 77;
			productRefGroup = B580C38A2FBBC1C700CB70C6 /* Products */;
			projectDirPath = "";
			projectRoot = "";
			targets = (
				B580C3882FBBC1C700CB70C6 /* Nox */,
				B580C3952FBBC1C800CB70C6 /* NoxTests */,
				B580C39F2FBBC1C800CB70C6 /* NoxUITests */,
			);
		};
/* End PBXProject section */

/* Begin PBXResourcesBuildPhase section */
		B580C3872FBBC1C700CB70C6 /* Resources */ = {
			isa = PBXResourcesBuildPhase;
			buildActionMask = 2147483647;
			files = (
			);
			runOnlyForDeploymentPostprocessing = 0;
		};
		B580C3942FBBC1C800CB70C6 /* Resources */ = {
			isa = PBXResourcesBuildPhase;
			buildActionMask = 2147483647;
			files = (
			);
			runOnlyForDeploymentPostprocessing = 0;
		};
		B580C39E2FBBC1C800CB70C6 /* Resources */ = {
			isa = PBXResourcesBuildPhase;
			buildActionMask = 2147483647;
			files = (
			);
			runOnlyForDeploymentPostprocessing = 0;
		};
/* End PBXResourcesBuildPhase section */

/* Begin PBXSourcesBuildPhase section */
		B580C3852FBBC1C700CB70C6 /* Sources */ = {
			isa = PBXSourcesBuildPhase;
			buildActionMask = 2147483647;
			files = (
			);
			runOnlyForDeploymentPostprocessing = 0;
		};
		B580C3922FBBC1C800CB70C6 /* Sources */ = {
			isa = PBXSourcesBuildPhase;
			buildActionMask = 2147483647;
			files = (
			);
			runOnlyForDeploymentPostprocessing = 0;
		};
		B580C39C2FBBC1C800CB70C6 /* Sources */ = {
			isa = PBXSourcesBuildPhase;
			buildActionMask = 2147483647;
			files = (
			);
			runOnlyForDeploymentPostprocessing = 0;
		};
/* End PBXSourcesBuildPhase section */

/* Begin PBXTargetDependency section */
		B580C3982FBBC1C800CB70C6 /* PBXTargetDependency */ = {
			isa = PBXTargetDependency;
			target = B580C3882FBBC1C700CB70C6 /* Nox */;
			targetProxy = B580C3972FBBC1C800CB70C6 /* PBXContainerItemProxy */;
		};
		B580C3A22FBBC1C800CB70C6 /* PBXTargetDependency */ = {
			isa = PBXTargetDependency;
			target = B580C3882FBBC1C700CB70C6 /* Nox */;
			targetProxy = B580C3A12FBBC1C800CB70C6 /* PBXContainerItemProxy */;
		};
/* End PBXTargetDependency section */

/* Begin XCBuildConfiguration section */
		B580C3A82FBBC1C800CB70C6 /* Debug */ = {
			isa = XCBuildConfiguration;
			buildSettings = {
				ALWAYS_SEARCH_USER_PATHS = NO;
				ASSETCATALOG_COMPILER_GENERATE_SWIFT_ASSET_SYMBOL_EXTENSIONS = YES;
				CLANG_ANALYZER_NONNULL = YES;
				CLANG_ANALYZER_NUMBER_OBJECT_CONVERSION = YES_AGGRESSIVE;
				CLANG_CXX_LANGUAGE_STANDARD = "gnu++20";
				CLANG_ENABLE_MODULES = YES;
				CLANG_ENABLE_OBJC_ARC = YES;
				CLANG_ENABLE_OBJC_WEAK = YES;
				CLANG_WARN_BLOCK_CAPTURE_AUTORELEASING = YES;
				CLANG_WARN_BOOL_CONVERSION = YES;
				CLANG_WARN_COMMA = YES;
				CLANG_WARN_CONSTANT_CONVERSION = YES;
				CLANG_WARN_DEPRECATED_OBJC_IMPLEMENTATIONS = YES;
				CLANG_WARN_DIRECT_OBJC_ISA_USAGE = YES_ERROR;
				CLANG_WARN_DOCUMENTATION_COMMENTS = YES;
				CLANG_WARN_EMPTY_BODY = YES;
				CLANG_WARN_ENUM_CONVERSION = YES;
				CLANG_WARN_INFINITE_RECURSION = YES;
				CLANG_WARN_INT_CONVERSION = YES;
				CLANG_WARN_NON_LITERAL_NULL_CONVERSION = YES;
				CLANG_WARN_OBJC_IMPLICIT_RETAIN_SELF = YES;
				CLANG_WARN_OBJC_LITERAL_CONVERSION = YES;
				CLANG_WARN_OBJC_ROOT_CLASS = YES_ERROR;
				CLANG_WARN_QUOTED_INCLUDE_IN_FRAMEWORK_HEADER = YES;
				CLANG_WARN_RANGE_LOOP_ANALYSIS = YES;
				CLANG_WARN_STRICT_PROTOTYPES = YES;
				CLANG_WARN_SUSPICIOUS_MOVE = YES;
				CLANG_WARN_UNGUARDED_AVAILABILITY = YES_AGGRESSIVE;
				CLANG_WARN_UNREACHABLE_CODE = YES;
				CLANG_WARN__DUPLICATE_METHOD_MATCH = YES;
				COPY_PHASE_STRIP = NO;
				DEBUG_INFORMATION_FORMAT = dwarf;
				ENABLE_STRICT_OBJC_MSGSEND = YES;
				ENABLE_TESTABILITY = YES;
				ENABLE_USER_SCRIPT_SANDBOXING = YES;
				GCC_C_LANGUAGE_STANDARD = gnu17;
				GCC_DYNAMIC_NO_PIC = NO;
				GCC_NO_COMMON_BLOCKS = YES;
				GCC_OPTIMIZATION_LEVEL = 0;
				GCC_PREPROCESSOR_DEFINITIONS = (
					"DEBUG=1",
					"$(inherited)",
				);
				GCC_WARN_64_TO_32_BIT_CONVERSION = YES;
				GCC_WARN_ABOUT_RETURN_TYPE = YES_ERROR;
				GCC_WARN_UNDECLARED_SELECTOR = YES;
				GCC_WARN_UNINITIALIZED_AUTOS = YES_AGGRESSIVE;
				GCC_WARN_UNUSED_FUNCTION = YES;
				GCC_WARN_UNUSED_VARIABLE = YES;
				LOCALIZATION_PREFERS_STRING_CATALOGS = YES;
				MTL_ENABLE_DEBUG_INFO = INCLUDE_SOURCE;
				MTL_FAST_MATH = YES;
				ONLY_ACTIVE_ARCH = YES;
				SWIFT_ACTIVE_COMPILATION_CONDITIONS = "DEBUG $(inherited)";
				SWIFT_OPTIMIZATION_LEVEL = "-Onone";
			};
			name = Debug;
		};
		B580C3A92FBBC1C800CB70C6 /* Release */ = {
			isa = XCBuildConfiguration;
			buildSettings = {
				ALWAYS_SEARCH_USER_PATHS = NO;
				ASSETCATALOG_COMPILER_GENERATE_SWIFT_ASSET_SYMBOL_EXTENSIONS = YES;
				CLANG_ANALYZER_NONNULL = YES;
				CLANG_ANALYZER_NUMBER_OBJECT_CONVERSION = YES_AGGRESSIVE;
				CLANG_CXX_LANGUAGE_STANDARD = "gnu++20";
				CLANG_ENABLE_MODULES = YES;
				CLANG_ENABLE_OBJC_ARC = YES;
				CLANG_ENABLE_OBJC_WEAK = YES;
				CLANG_WARN_BLOCK_CAPTURE_AUTORELEASING = YES;
				CLANG_WARN_BOOL_CONVERSION = YES;
				CLANG_WARN_COMMA = YES;
				CLANG_WARN_CONSTANT_CONVERSION = YES;
				CLANG_WARN_DEPRECATED_OBJC_IMPLEMENTATIONS = YES;
				CLANG_WARN_DIRECT_OBJC_ISA_USAGE = YES_ERROR;
				CLANG_WARN_DOCUMENTATION_COMMENTS = YES;
				CLANG_WARN_EMPTY_BODY = YES;
				CLANG_WARN_ENUM_CONVERSION = YES;
				CLANG_WARN_INFINITE_RECURSION = YES;
				CLANG_WARN_INT_CONVERSION = YES;
				CLANG_WARN_NON_LITERAL_NULL_CONVERSION = YES;
				CLANG_WARN_OBJC_IMPLICIT_RETAIN_SELF = YES;
				CLANG_WARN_OBJC_LITERAL_CONVERSION = YES;
				CLANG_WARN_OBJC_ROOT_CLASS = YES_ERROR;
				CLANG_WARN_QUOTED_INCLUDE_IN_FRAMEWORK_HEADER = YES;
				CLANG_WARN_RANGE_LOOP_ANALYSIS = YES;
				CLANG_WARN_STRICT_PROTOTYPES = YES;
				CLANG_WARN_SUSPICIOUS_MOVE = YES;
				CLANG_WARN_UNGUARDED_AVAILABILITY = YES_AGGRESSIVE;
				CLANG_WARN_UNREACHABLE_CODE = YES;
				CLANG_WARN__DUPLICATE_METHOD_MATCH = YES;
				COPY_PHASE_STRIP = NO;
				DEBUG_INFORMATION_FORMAT = "dwarf-with-dsym";
				ENABLE_NS_ASSERTIONS = NO;
				ENABLE_STRICT_OBJC_MSGSEND = YES;
				ENABLE_USER_SCRIPT_SANDBOXING = YES;
				GCC_C_LANGUAGE_STANDARD = gnu17;
				GCC_NO_COMMON_BLOCKS = YES;
				GCC_WARN_64_TO_32_BIT_CONVERSION = YES;
				GCC_WARN_ABOUT_RETURN_TYPE = YES_ERROR;
				GCC_WARN_UNDECLARED_SELECTOR = YES;
				GCC_WARN_UNINITIALIZED_AUTOS = YES_AGGRESSIVE;
				GCC_WARN_UNUSED_FUNCTION = YES;
				GCC_WARN_UNUSED_VARIABLE = YES;
				LOCALIZATION_PREFERS_STRING_CATALOGS = YES;
				MTL_ENABLE_DEBUG_INFO = NO;
				MTL_FAST_MATH = YES;
				SWIFT_COMPILATION_MODE = wholemodule;
			};
			name = Release;
		};
		B580C3AB2FBBC1C800CB70C6 /* Debug */ = {
			isa = XCBuildConfiguration;
			buildSettings = {
				ASSETCATALOG_COMPILER_APPICON_NAME = AppIcon;
				ASSETCATALOG_COMPILER_GLOBAL_ACCENT_COLOR_NAME = AccentColor;
				CODE_SIGN_ENTITLEMENTS = Nox/SupportingFiles/Nox.entitlements;
				CODE_SIGN_STYLE = Automatic;
				CURRENT_PROJECT_VERSION = 1;
				ENABLE_APP_SANDBOX = YES;
				ENABLE_HARDENED_RUNTIME = YES;
				ENABLE_PREVIEWS = YES;
				GENERATE_INFOPLIST_FILE = YES;
				INFOPLIST_FILE = Nox/SupportingFiles/Info.plist;
				INFOPLIST_KEY_CFBundleDisplayName = Nox;
				INFOPLIST_KEY_LSApplicationCategoryType = "public.app-category.productivity";
				INFOPLIST_KEY_NSHumanReadableCopyright = "";
				LD_RUNPATH_SEARCH_PATHS = (
					"$(inherited)",
					"@executable_path/../Frameworks",
				);
				MACOSX_DEPLOYMENT_TARGET = 14.0;
				MARKETING_VERSION = 1.0;
				OTHER_LDFLAGS = (
					"$(inherited)",
					"-lsqlite3",
				);
				PRODUCT_BUNDLE_IDENTIFIER = dev.nox.Nox;
				PRODUCT_NAME = "$(TARGET_NAME)";
				SDKROOT = macosx;
				STRING_CATALOG_GENERATE_SYMBOLS = YES;
				SUPPORTED_PLATFORMS = macosx;
				SWIFT_APPROACHABLE_CONCURRENCY = YES;
				SWIFT_DEFAULT_ACTOR_ISOLATION = MainActor;
				SWIFT_EMIT_LOC_STRINGS = YES;
				SWIFT_UPCOMING_FEATURE_MEMBER_IMPORT_VISIBILITY = YES;
				SWIFT_VERSION = 5.0;
			};
			name = Debug;
		};
		B580C3AC2FBBC1C800CB70C6 /* Release */ = {
			isa = XCBuildConfiguration;
			buildSettings = {
				ASSETCATALOG_COMPILER_APPICON_NAME = AppIcon;
				ASSETCATALOG_COMPILER_GLOBAL_ACCENT_COLOR_NAME = AccentColor;
				CODE_SIGN_ENTITLEMENTS = Nox/SupportingFiles/Nox.entitlements;
				CODE_SIGN_STYLE = Automatic;
				CURRENT_PROJECT_VERSION = 1;
				ENABLE_APP_SANDBOX = YES;
				ENABLE_HARDENED_RUNTIME = YES;
				ENABLE_PREVIEWS = YES;
				GENERATE_INFOPLIST_FILE = YES;
				INFOPLIST_FILE = Nox/SupportingFiles/Info.plist;
				INFOPLIST_KEY_CFBundleDisplayName = Nox;
				INFOPLIST_KEY_LSApplicationCategoryType = "public.app-category.productivity";
				INFOPLIST_KEY_NSHumanReadableCopyright = "";
				LD_RUNPATH_SEARCH_PATHS = (
					"$(inherited)",
					"@executable_path/../Frameworks",
				);
				MACOSX_DEPLOYMENT_TARGET = 14.0;
				MARKETING_VERSION = 1.0;
				OTHER_LDFLAGS = (
					"$(inherited)",
					"-lsqlite3",
				);
				PRODUCT_BUNDLE_IDENTIFIER = dev.nox.Nox;
				PRODUCT_NAME = "$(TARGET_NAME)";
				SDKROOT = macosx;
				STRING_CATALOG_GENERATE_SYMBOLS = YES;
				SUPPORTED_PLATFORMS = macosx;
				SWIFT_APPROACHABLE_CONCURRENCY = YES;
				SWIFT_DEFAULT_ACTOR_ISOLATION = MainActor;
				SWIFT_EMIT_LOC_STRINGS = YES;
				SWIFT_UPCOMING_FEATURE_MEMBER_IMPORT_VISIBILITY = YES;
				SWIFT_VERSION = 5.0;
			};
			name = Release;
		};
		B580C3AE2FBBC1C800CB70C6 /* Debug */ = {
			isa = XCBuildConfiguration;
			buildSettings = {
				BUNDLE_LOADER = "$(TEST_HOST)";
				CODE_SIGN_STYLE = Automatic;
				CURRENT_PROJECT_VERSION = 1;
				GENERATE_INFOPLIST_FILE = YES;
				MACOSX_DEPLOYMENT_TARGET = 14.0;
				MARKETING_VERSION = 1.0;
				PRODUCT_BUNDLE_IDENTIFIER = dev.nox.NoxTests;
				PRODUCT_NAME = "$(TARGET_NAME)";
				SDKROOT = macosx;
				STRING_CATALOG_GENERATE_SYMBOLS = NO;
				SUPPORTED_PLATFORMS = macosx;
				SWIFT_APPROACHABLE_CONCURRENCY = YES;
				SWIFT_EMIT_LOC_STRINGS = NO;
				SWIFT_UPCOMING_FEATURE_MEMBER_IMPORT_VISIBILITY = YES;
				SWIFT_VERSION = 5.0;
				TEST_HOST = "$(BUILT_PRODUCTS_DIR)/Nox.app/$(BUNDLE_EXECUTABLE_FOLDER_PATH)/Nox";
			};
			name = Debug;
		};
		B580C3AF2FBBC1C800CB70C6 /* Release */ = {
			isa = XCBuildConfiguration;
			buildSettings = {
				BUNDLE_LOADER = "$(TEST_HOST)";
				CODE_SIGN_STYLE = Automatic;
				CURRENT_PROJECT_VERSION = 1;
				GENERATE_INFOPLIST_FILE = YES;
				MACOSX_DEPLOYMENT_TARGET = 14.0;
				MARKETING_VERSION = 1.0;
				PRODUCT_BUNDLE_IDENTIFIER = dev.nox.NoxTests;
				PRODUCT_NAME = "$(TARGET_NAME)";
				SDKROOT = macosx;
				STRING_CATALOG_GENERATE_SYMBOLS = NO;
				SUPPORTED_PLATFORMS = macosx;
				SWIFT_APPROACHABLE_CONCURRENCY = YES;
				SWIFT_EMIT_LOC_STRINGS = NO;
				SWIFT_UPCOMING_FEATURE_MEMBER_IMPORT_VISIBILITY = YES;
				SWIFT_VERSION = 5.0;
				TEST_HOST = "$(BUILT_PRODUCTS_DIR)/Nox.app/$(BUNDLE_EXECUTABLE_FOLDER_PATH)/Nox";
			};
			name = Release;
		};
		B580C3B12FBBC1C800CB70C6 /* Debug */ = {
			isa = XCBuildConfiguration;
			buildSettings = {
				CODE_SIGN_STYLE = Automatic;
				CURRENT_PROJECT_VERSION = 1;
				GENERATE_INFOPLIST_FILE = YES;
				MACOSX_DEPLOYMENT_TARGET = 14.0;
				MARKETING_VERSION = 1.0;
				PRODUCT_BUNDLE_IDENTIFIER = dev.nox.NoxUITests;
				PRODUCT_NAME = "$(TARGET_NAME)";
				SDKROOT = macosx;
				STRING_CATALOG_GENERATE_SYMBOLS = NO;
				SUPPORTED_PLATFORMS = macosx;
				SWIFT_APPROACHABLE_CONCURRENCY = YES;
				SWIFT_EMIT_LOC_STRINGS = NO;
				SWIFT_UPCOMING_FEATURE_MEMBER_IMPORT_VISIBILITY = YES;
				SWIFT_VERSION = 5.0;
				TEST_TARGET_NAME = Nox;
			};
			name = Debug;
		};
		B580C3B22FBBC1C800CB70C6 /* Release */ = {
			isa = XCBuildConfiguration;
			buildSettings = {
				CODE_SIGN_STYLE = Automatic;
				CURRENT_PROJECT_VERSION = 1;
				GENERATE_INFOPLIST_FILE = YES;
				MACOSX_DEPLOYMENT_TARGET = 14.0;
				MARKETING_VERSION = 1.0;
				PRODUCT_BUNDLE_IDENTIFIER = dev.nox.NoxUITests;
				PRODUCT_NAME = "$(TARGET_NAME)";
				SDKROOT = macosx;
				STRING_CATALOG_GENERATE_SYMBOLS = NO;
				SUPPORTED_PLATFORMS = macosx;
				SWIFT_APPROACHABLE_CONCURRENCY = YES;
				SWIFT_EMIT_LOC_STRINGS = NO;
				SWIFT_UPCOMING_FEATURE_MEMBER_IMPORT_VISIBILITY = YES;
				SWIFT_VERSION = 5.0;
				TEST_TARGET_NAME = Nox;
			};
			name = Release;
		};
/* End XCBuildConfiguration section */

/* Begin XCConfigurationList section */
		B580C3842FBBC1C700CB70C6 /* Build configuration list for PBXProject "Nox" */ = {
			isa = XCConfigurationList;
			buildConfigurations = (
				B580C3A82FBBC1C800CB70C6 /* Debug */,
				B580C3A92FBBC1C800CB70C6 /* Release */,
			);
			defaultConfigurationIsVisible = 0;
			defaultConfigurationName = Release;
		};
		B580C3AA2FBBC1C800CB70C6 /* Build configuration list for PBXNativeTarget "Nox" */ = {
			isa = XCConfigurationList;
			buildConfigurations = (
				B580C3AB2FBBC1C800CB70C6 /* Debug */,
				B580C3AC2FBBC1C800CB70C6 /* Release */,
			);
			defaultConfigurationIsVisible = 0;
			defaultConfigurationName = Release;
		};
		B580C3AD2FBBC1C800CB70C6 /* Build configuration list for PBXNativeTarget "NoxTests" */ = {
			isa = XCConfigurationList;
			buildConfigurations = (
				B580C3AE2FBBC1C800CB70C6 /* Debug */,
				B580C3AF2FBBC1C800CB70C6 /* Release */,
			);
			defaultConfigurationIsVisible = 0;
			defaultConfigurationName = Release;
		};
		B580C3B02FBBC1C800CB70C6 /* Build configuration list for PBXNativeTarget "NoxUITests" */ = {
			isa = XCConfigurationList;
			buildConfigurations = (
				B580C3B12FBBC1C800CB70C6 /* Debug */,
				B580C3B22FBBC1C800CB70C6 /* Release */,
			);
			defaultConfigurationIsVisible = 0;
			defaultConfigurationName = Release;
		};
/* End XCConfigurationList section */
	};
	rootObject = B580C3812FBBC1C700CB70C6 /* Project object */;
}
